
Microsoft Visual Studio Solution File, Format Version 12.00
Project("{FAE04EC0-301F-11D3-BF4B-00C04F79EFBC}") = "BTCPayServer.Plugins.ArkPayServer", "BTCPayServer.Plugins.ArkPayServer\BTCPayServer.Plugins.ArkPayServer.csproj", "{F2B300EB-E090-4CCB-B1D7-9B2B96B95C88}"
EndProject
Project("{FAE04EC0-301F-11D3-BF4B-00C04F79EFBC}") = "BTCPayServer", "submodules\btcpayserver\BTCPayServer\BTCPayServer.csproj", "{2464FC73-75E8-4254-A900-2090FB4D1EDD}"
EndProject
Project("{FAE04EC0-301F-11D3-BF4B-00C04F79EFBC}") = "BTCPayServer.Abstractions", "submodules\btcpayserver\BTCPayServer.Abstractions\BTCPayServer.Abstractions.csproj", "{D1D88DD3-D388-4E26-8B57-C53745418139}"
EndProject
Project("{FAE04EC0-301F-11D3-BF4B-00C04F79EFBC}") = "BTCPayServer.Client", "submodules\btcpayserver\BTCPayServer.Client\BTCPayServer.Client.csproj", "{8F71221C-EF74-4ACC-BBA6-142EB9E44434}"
EndProject
Project("{FAE04EC0-301F-11D3-BF4B-00C04F79EFBC}") = "BTCPayServer.Common", "submodules\btcpayserver\BTCPayServer.Common\BTCPayServer.Common.csproj", "{02D9090E-7DCB-42A3-85E5-A9F9BFFDFC3D}"
EndProject
Project("{FAE04EC0-301F-11D3-BF4B-00C04F79EFBC}") = "BTCPayServer.Data", "submodules\btcpayserver\BTCPayServer.Data\BTCPayServer.Data.csproj", "{9E3D5733-B900-405E-BF35-B4AF05CE5142}"
EndProject
Project("{FAE04EC0-301F-11D3-BF4B-00C04F79EFBC}") = "BTCPayServer.Rating", "submodules\btcpayserver\BTCPayServer.Rating\BTCPayServer.Rating.csproj", "{4FB69019-D06C-4A99-892E-CA04E65DB908}"
EndProject
Project("{2150E333-8FDC-42A3-9474-1A3956D46DE8}") = "BTCPayServer", "BTCPayServer", "{E011E3DC-8374-44FC-8D60-4935E854BCBB}"
EndProject
Project("{2150E333-8FDC-42A3-9474-1A3956D46DE8}") = "NNark", "NNark", "{66A7D55F-6A98-FA67-734C-BBBA7A8495CB}"
EndProject
Project("{FAE04EC0-301F-11D3-BF4B-00C04F79EFBC}") = "NArk.Abstractions", "submodules\NNark\NArk.Abstractions\NArk.Abstractions.csproj", "{CD67CAA7-8DFA-4D79-A968-D6DA78D3D2A6}"
EndProject
Project("{FAE04EC0-301F-11D3-BF4B-00C04F79EFBC}") = "NArk", "submodules\NNark\NArk\NArk.csproj", "{936BC941-DCF0-43F8-9C94-B119800DB7A2}"
EndProject
Project("{FAE04EC0-301F-11D3-BF4B-00C04F79EFBC}") = "NArk.Swaps", "submodules\NNark\NArk.Swaps\NArk.Swaps.csproj", "{7E803556-1972-4E6F-ADBF-7FBC798601B0}"
EndProject
Project("{FAE04EC0-301F-11D3-BF4B-00C04F79EFBC}") = "NArk.Transport.GrpcClient", "submodules\NNark\NArk.Transport.GrpcClient\NArk.Transport.GrpcClient.csproj", "{F9BC7C87-BAC7-455B-9987-A463D2BB9A06}"
EndProject
Project("{FAE04EC0-301F-11D3-BF4B-00C04F79EFBC}") = "NArk.Hosting", "submodules\NNark\NArk.Hosting\NArk.Hosting.csproj", "{737C5987-73E9-49A4-9EBF-638C8B0F64BB}"
EndProject
Project("{FAE04EC0-301F-11D3-BF4B-00C04F79EFBC}") = "NArk.Blockchain.NBXplorer", "submodules\NNark\NArk.Blockchain.NBXplorer\NArk.Blockchain.NBXplorer.csproj", "{A05460D2-A613-4950-9903-69EEAFD29E43}"
EndProject
Project("{FAE04EC0-301F-11D3-BF4B-00C04F79EFBC}") = "NArk.Safety.AsyncKeyedLock", "submodules\NNark\NArk.Safety.AsyncKeyedLock\NArk.Safety.AsyncKeyedLock.csproj", "{96C92CB1-03A9-4752-AF08-9D9809DE79F4}"
EndProject
Global
	GlobalSection(SolutionConfigurationPlatforms) = preSolution
		Debug|Any CPU = Debug|Any CPU
		Debug|x64 = Debug|x64
		Debug|x86 = Debug|x86
		Release|Any CPU = Release|Any CPU
		Release|x64 = Release|x64
		Release|x86 = Release|x86
	EndGlobalSection
	GlobalSection(ProjectConfigurationPlatforms) = postSolution
		{F2B300EB-E090-4CCB-B1D7-9B2B96B95C88}.Debug|Any CPU.ActiveCfg = Debug|Any CPU
		{F2B300EB-E090-4CCB-B1D7-9B2B96B95C88}.Debug|Any CPU.Build.0 = Debug|Any CPU
		{F2B300EB-E090-4CCB-B1D7-9B2B96B95C88}.Debug|x64.ActiveCfg = Debug|Any CPU
		{F2B300EB-E090-4CCB-B1D7-9B2B96B95C88}.Debug|x64.Build.0 = Debug|Any CPU
		{F2B300EB-E090-4CCB-B1D7-9B2B96B95C88}.Debug|x86.ActiveCfg = Debug|Any CPU
		{F2B300EB-E090-4CCB-B1D7-9B2B96B95C88}.Debug|x86.Build.0 = Debug|Any CPU
		{F2B300EB-E090-4CCB-B1D7-9B2B96B95C88}.Release|Any CPU.ActiveCfg = Release|Any CPU
		{F2B300EB-E090-4CCB-B1D7-9B2B96B95C88}.Release|Any CPU.Build.0 = Release|Any CPU
		{F2B300EB-E090-4CCB-B1D7-9B2B96B95C88}.Release|x64.ActiveCfg = Release|Any CPU
		{F2B300EB-E090-4CCB-B1D7-9B2B96B95C88}.Release|x64.Build.0 = Release|Any CPU
		{F2B300EB-E090-4CCB-B1D7-9B2B96B95C88}.Release|x86.ActiveCfg = Release|Any CPU
		{F2B300EB-E090-4CCB-B1D7-9B2B96B95C88}.Release|x86.Build.0 = Release|Any CPU
		{2464FC73-75E8-4254-A900-2090FB4D1EDD}.Debug|Any CPU.ActiveCfg = Debug|Any CPU
		{2464FC73-75E8-4254-A900-2090FB4D1EDD}.Debug|Any CPU.Build.0 = Debug|Any CPU
		{2464FC73-75E8-4254-A900-2090FB4D1EDD}.Debug|x64.ActiveCfg = Debug|Any CPU
		{2464FC73-75E8-4254-A900-2090FB4D1EDD}.Debug|x64.Build.0 = Debug|Any CPU
		{2464FC73-75E8-4254-A900-2090FB4D1EDD}.Debug|x86.ActiveCfg = Debug|Any CPU
		{2464FC73-75E8-4254-A900-2090FB4D1EDD}.Debug|x86.Build.0 = Debug|Any CPU
		{2464FC73-75E8-4254-A900-2090FB4D1EDD}.Release|Any CPU.ActiveCfg = Release|Any CPU
		{2464FC73-75E8-4254-A900-2090FB4D1EDD}.Release|Any CPU.Build.0 = Release|Any CPU
		{2464FC73-75E8-4254-A900-2090FB4D1EDD}.Release|x64.ActiveCfg = Release|Any CPU
		{2464FC73-75E8-4254-A900-2090FB4D1EDD}.Release|x64.Build.0 = Release|Any CPU
		{2464FC73-75E8-4254-A900-2090FB4D1EDD}.Release|x86.ActiveCfg = Release|Any CPU
		{2464FC73-75E8-4254-A900-2090FB4D1EDD}.Release|x86.Build.0 = Release|Any CPU
		{D1D88DD3-D388-4E26-8B57-C53745418139}.Debug|Any CPU.ActiveCfg = Debug|Any CPU
		{D1D88DD3-D388-4E26-8B57-C53745418139}.Debug|Any CPU.Build.0 = Debug|Any CPU
		{D1D88DD3-D388-4E26-8B57-C53745418139}.Debug|x64.ActiveCfg = Debug|Any CPU
		{D1D88DD3-D388-4E26-8B57-C53745418139}.Debug|x64.Build.0 = Debug|Any CPU
		{D1D88DD3-D388-4E26-8B57-C53745418139}.Debug|x86.ActiveCfg = Debug|Any CPU
		{D1D88DD3-D388-4E26-8B57-C53745418139}.Debug|x86.Build.0 = Debug|Any CPU
		{D1D88DD3-D388-4E26-8B57-C53745418139}.Release|Any CPU.ActiveCfg = Release|Any CPU
		{D1D88DD3-D388-4E26-8B57-C53745418139}.Release|Any CPU.Build.0 = Release|Any CPU
		{D1D88DD3-D388-4E26-8B57-C53745418139}.Release|x64.ActiveCfg = Release|Any CPU
		{D1D88DD3-D388-4E26-8B57-C53745418139}.Release|x64.Build.0 = Release|Any CPU
		{D1D88DD3-D388-4E26-8B57-C53745418139}.Release|x86.ActiveCfg = Release|Any CPU
		{D1D88DD3-D388-4E26-8B57-C53745418139}.Release|x86.Build.0 = Release|Any CPU
		{8F71221C-EF74-4ACC-BBA6-142EB9E44434}.Debug|Any CPU.ActiveCfg = Debug|Any CPU
		{8F71221C-EF74-4ACC-BBA6-142EB9E44434}.Debug|Any CPU.Build.0 = Debug|Any CPU
		{8F71221C-EF74-4ACC-BBA6-142EB9E44434}.Debug|x64.ActiveCfg = Debug|Any CPU
		{8F71221C-EF74-4ACC-BBA6-142EB9E44434}.Debug|x64.Build.0 = Debug|Any CPU
		{8F71221C-EF74-4ACC-BBA6-142EB9E44434}.Debug|x86.ActiveCfg = Debug|Any CPU
		{8F71221C-EF74-4ACC-BBA6-142EB9E44434}.Debug|x86.Build.0 = Debug|Any CPU
		{8F71221C-EF74-4ACC-BBA6-142EB9E44434}.Release|Any CPU.ActiveCfg = Release|Any CPU
		{8F71221C-EF74-4ACC-BBA6-142EB9E44434}.Release|Any CPU.Build.0 = Release|Any CPU
		{8F71221C-EF74-4ACC-BBA6-142EB9E44434}.Release|x64.ActiveCfg = Release|Any CPU
		{8F71221C-EF74-4ACC-BBA6-142EB9E44434}.Release|x64.Build.0 = Release|Any CPU
		{8F71221C-EF74-4ACC-BBA6-142EB9E44434}.Release|x86.ActiveCfg = Release|Any CPU
		{8F71221C-EF74-4ACC-BBA6-142EB9E44434}.Release|x86.Build.0 = Release|Any CPU
		{02D9090E-7DCB-42A3-85E5-A9F9BFFDFC3D}.Debug|Any CPU.ActiveCfg = Debug|Any CPU
		{02D9090E-7DCB-42A3-85E5-A9F9BFFDFC3D}.Debug|Any CPU.Build.0 = Debug|Any CPU
		{02D9090E-7DCB-42A3-85E5-A9F9BFFDFC3D}.Debug|x64.ActiveCfg = Debug|Any CPU
		{02D9090E-7DCB-42A3-85E5-A9F9BFFDFC3D}.Debug|x64.Build.0 = Debug|Any CPU
		{02D9090E-7DCB-42A3-85E5-A9F9BFFDFC3D}.Debug|x86.ActiveCfg = Debug|Any CPU
		{02D9090E-7DCB-42A3-85E5-A9F9BFFDFC3D}.Debug|x86.Build.0 = Debug|Any CPU
		{02D9090E-7DCB-42A3-85E5-A9F9BFFDFC3D}.Release|Any CPU.ActiveCfg = Release|Any CPU
		{02D9090E-7DCB-42A3-85E5-A9F9BFFDFC3D}.Release|Any CPU.Build.0 = Release|Any CPU
		{02D9090E-7DCB-42A3-85E5-A9F9BFFDFC3D}.Release|x64.ActiveCfg = Release|Any CPU
		{02D9090E-7DCB-42A3-85E5-A9F9BFFDFC3D}.Release|x64.Build.0 = Release|Any CPU
		{02D9090E-7DCB-42A3-85E5-A9F9BFFDFC3D}.Release|x86.ActiveCfg = Release|Any CPU
		{02D9090E-7DCB-42A3-85E5-A9F9BFFDFC3D}.Release|x86.Build.0 = Release|Any CPU
		{9E3D5733-B900-405E-BF35-B4AF05CE5142}.Debug|Any CPU.ActiveCfg = Debug|Any CPU
		{9E3D5733-B900-405E-BF35-B4AF05CE5142}.Debug|Any CPU.Build.0 = Debug|Any CPU
		{9E3D5733-B900-405E-BF35-B4AF05CE5142}.Debug|x64.ActiveCfg = Debug|Any CPU
		{9E3D5733-B900-405E-BF35-B4AF05CE5142}.Debug|x64.Build.0 = Debug|Any CPU
		{9E3D5733-B900-405E-BF35-B4AF05CE5142}.Debug|x86.ActiveCfg = Debug|Any CPU
		{9E3D5733-B900-405E-BF35-B4AF05CE5142}.Debug|x86.Build.0 = Debug|Any CPU
		{9E3D5733-B900-405E-BF35-B4AF05CE5142}.Release|Any CPU.ActiveCfg = Release|Any CPU
		{9E3D5733-B900-405E-BF35-B4AF05CE5142}.Release|Any CPU.Build.0 = Release|Any CPU
		{9E3D5733-B900-405E-BF35-B4AF05CE5142}.Release|x64.ActiveCfg = Release|Any CPU
		{9E3D5733-B900-405E-BF35-B4AF05CE5142}.Release|x64.Build.0 = Release|Any CPU
		{9E3D5733-B900-405E-BF35-B4AF05CE5142}.Release|x86.ActiveCfg = Release|Any CPU
		{9E3D5733-B900-405E-BF35-B4AF05CE5142}.Release|x86.Build.0 = Release|Any CPU
		{4FB69019-D06C-4A99-892E-CA04E65DB908}.Debug|Any CPU.ActiveCfg = Debug|Any CPU
		{4FB69019-D06C-4A99-892E-CA04E65DB908}.Debug|Any CPU.Build.0 = Debug|Any CPU
		{4FB69019-D06C-4A99-892E-CA04E65DB908}.Debug|x64.ActiveCfg = Debug|Any CPU
		{4FB69019-D06C-4A99-892E-CA04E65DB908}.Debug|x64.Build.0 = Debug|Any CPU
		{4FB69019-D06C-4A99-892E-CA04E65DB908}.Debug|x86.ActiveCfg = Debug|Any CPU
		{4FB69019-D06C-4A99-892E-CA04E65DB908}.Debug|x86.Build.0 = Debug|Any CPU
		{4FB69019-D06C-4A99-892E-CA04E65DB908}.Release|Any CPU.ActiveCfg = Release|Any CPU
		{4FB69019-D06C-4A99-892E-CA04E65DB908}.Release|Any CPU.Build.0 = Release|Any CPU
		{4FB69019-D06C-4A99-892E-CA04E65DB908}.Release|x64.ActiveCfg = Release|Any CPU
		{4FB69019-D06C-4A99-892E-CA04E65DB908}.Release|x64.Build.0 = Release|Any CPU
		{4FB69019-D06C-4A99-892E-CA04E65DB908}.Release|x86.ActiveCfg = Release|Any CPU
		{4FB69019-D06C-4A99-892E-CA04E65DB908}.Release|x86.Build.0 = Release|Any CPU
		{CD67CAA7-8DFA-4D79-A968-D6DA78D3D2A6}.Debug|Any CPU.ActiveCfg = Debug|Any CPU
		{CD67CAA7-8DFA-4D79-A968-D6DA78D3D2A6}.Debug|Any CPU.Build.0 = Debug|Any CPU
		{CD67CAA7-8DFA-4D79-A968-D6DA78D3D2A6}.Debug|x64.ActiveCfg = Debug|Any CPU
		{CD67CAA7-8DFA-4D79-A968-D6DA78D3D2A6}.Debug|x64.Build.0 = Debug|Any CPU
		{CD67CAA7-8DFA-4D79-A968-D6DA78D3D2A6}.Debug|x86.ActiveCfg = Debug|Any CPU
		{CD67CAA7-8DFA-4D79-A968-D6DA78D3D2A6}.Debug|x86.Build.0 = Debug|Any CPU
		{CD67CAA7-8DFA-4D79-A968-D6DA78D3D2A6}.Release|Any CPU.ActiveCfg = Release|Any CPU
		{CD67CAA7-8DFA-4D79-A968-D6DA78D3D2A6}.Release|Any CPU.Build.0 = Release|Any CPU
		{CD67CAA7-8DFA-4D79-A968-D6DA78D3D2A6}.Release|x64.ActiveCfg = Release|Any CPU
		{CD67CAA7-8DFA-4D79-A968-D6DA78D3D2A6}.Release|x64.Build.0 = Release|Any CPU
		{CD67CAA7-8DFA-4D79-A968-D6DA78D3D2A6}.Release|x86.ActiveCfg = Release|Any CPU
		{CD67CAA7-8DFA-4D79-A968-D6DA78D3D2A6}.Release|x86.Build.0 = Release|Any CPU
		{936BC941-DCF0-43F8-9C94-B119800DB7A2}.Debug|Any CPU.ActiveCfg = Debug|Any CPU
		{936BC941-DCF0-43F8-9C94-B119800DB7A2}.Debug|Any CPU.Build.0 = Debug|Any CPU
		{936BC941-DCF0-43F8-9C94-B119800DB7A2}.Debug|x64.ActiveCfg = Debug|Any CPU
		{936BC941-DCF0-43F8-9C94-B119800DB7A2}.Debug|x64.Build.0 = Debug|Any CPU
		{936BC941-DCF0-43F8-9C94-B119800DB7A2}.Debug|x86.ActiveCfg = Debug|Any CPU
		{936BC941-DCF0-43F8-9C94-B119800DB7A2}.Debug|x86.Build.0 = Debug|Any CPU
		{936BC941-DCF0-43F8-9C94-B119800DB7A2}.Release|Any CPU.ActiveCfg = Release|Any CPU
		{936BC941-DCF0-43F8-9C94-B119800DB7A2}.Release|Any CPU.Build.0 = Release|Any CPU
		{936BC941-DCF0-43F8-9C94-B119800DB7A2}.Release|x64.ActiveCfg = Release|Any CPU
		{936BC941-DCF0-43F8-9C94-B119800DB7A2}.Release|x64.Build.0 = Release|Any CPU
		{936BC941-DCF0-43F8-9C94-B119800DB7A2}.Release|x86.ActiveCfg = Release|Any CPU
		{936BC941-DCF0-43F8-9C94-B119800DB7A2}.Release|x86.Build.0 = Release|Any CPU
		{7E803556-1972-4E6F-ADBF-7FBC798601B0}.Debug|Any CPU.ActiveCfg = Debug|Any CPU
		{7E803556-1972-4E6F-ADBF-7FBC798601B0}.Debug|Any CPU.Build.0 = Debug|Any CPU
		{7E803556-1972-4E6F-ADBF-7FBC798601B0}.Debug|x64.ActiveCfg = Debug|Any CPU
		{7E803556-1972-4E6F-ADBF-7FBC798601B0}.Debug|x64.Build.0 = Debug|Any CPU
		{7E803556-1972-4E6F-ADBF-7FBC798601B0}.Debug|x86.ActiveCfg = Debug|Any CPU
		{7E803556-1972-4E6F-ADBF-7FBC798601B0}.Debug|x86.Build.0 = Debug|Any CPU
		{7E803556-1972-4E6F-ADBF-7FBC798601B0}.Release|Any CPU.ActiveCfg = Release|Any CPU
		{7E803556-1972-4E6F-ADBF-7FBC798601B0}.Release|Any CPU.Build.0 = Release|Any CPU
		{7E803556-1972-4E6F-ADBF-7FBC798601B0}.Release|x64.ActiveCfg = Release|Any CPU
		{7E803556-1972-4E6F-ADBF-7FBC798601B0}.Release|x64.Build.0 = Release|Any CPU
		{7E803556-1972-4E6F-ADBF-7FBC798601B0}.Release|x86.ActiveCfg = Release|Any CPU
		{7E803556-1972-4E6F-ADBF-7FBC798601B0}.Release|x86.Build.0 = Release|Any CPU
		{F9BC7C87-BAC7-455B-9987-A463D2BB9A06}.Debug|Any CPU.ActiveCfg = Debug|Any CPU
		{F9BC7C87-BAC7-455B-9987-A463D2BB9A06}.Debug|Any CPU.Build.0 = Debug|Any CPU
		{F9BC7C87-BAC7-455B-9987-A463D2BB9A06}.Debug|x64.ActiveCfg = Debug|Any CPU
		{F9BC7C87-BAC7-455B-9987-A463D2BB9A06}.Debug|x64.Build.0 = Debug|Any CPU
		{F9BC7C87-BAC7-455B-9987-A463D2BB9A06}.Debug|x86.ActiveCfg = Debug|Any CPU
		{F9BC7C87-BAC7-455B-9987-A463D2BB9A06}.Debug|x86.Build.0 = Debug|Any CPU
		{F9BC7C87-BAC7-455B-9987-A463D2BB9A06}.Release|Any CPU.ActiveCfg = Release|Any CPU
		{F9BC7C87-BAC7-455B-9987-A463D2BB9A06}.Release|Any CPU.Build.0 = Release|Any CPU
		{F9BC7C87-BAC7-455B-9987-A463D2BB9A06}.Release|x64.ActiveCfg = Release|Any CPU
		{F9BC7C87-BAC7-455B-9987-A463D2BB9A06}.Release|x64.Build.0 = Release|Any CPU
		{F9BC7C87-BAC7-455B-9987-A463D2BB9A06}.Release|x86.ActiveCfg = Release|Any CPU
		{F9BC7C87-BAC7-455B-9987-A463D2BB9A06}.Release|x86.Build.0 = Release|Any CPU
		{737C5987-73E9-49A4-9EBF-638C8B0F64BB}.Debug|Any CPU.ActiveCfg = Debug|Any CPU
		{737C5987-73E9-49A4-9EBF-638C8B0F64BB}.Debug|Any CPU.Build.0 = Debug|Any CPU
		{737C5987-73E9-49A4-9EBF-638C8B0F64BB}.Debug|x64.ActiveCfg = Debug|Any CPU
		{737C5987-73E9-49A4-9EBF-638C8B0F64BB}.Debug|x64.Build.0 = Debug|Any CPU
		{737C5987-73E9-49A4-9EBF-638C8B0F64BB}.Debug|x86.ActiveCfg = Debug|Any CPU
		{737C5987-73E9-49A4-9EBF-638C8B0F64BB}.Debug|x86.Build.0 = Debug|Any CPU
		{737C5987-73E9-49A4-9EBF-638C8B0F64BB}.Release|Any CPU.ActiveCfg = Release|Any CPU
		{737C5987-73E9-49A4-9EBF-638C8B0F64BB}.Release|Any CPU.Build.0 = Release|Any CPU
		{737C5987-73E9-49A4-9EBF-638C8B0F64BB}.Release|x64.ActiveCfg = Release|Any CPU
		{737C5987-73E9-49A4-9EBF-638C8B0F64BB}.Release|x64.Build.0 = Release|Any CPU
		{737C5987-73E9-49A4-9EBF-638C8B0F64BB}.Release|x86.ActiveCfg = Release|Any CPU
		{737C5987-73E9-49A4-9EBF-638C8B0F64BB}.Release|x86.Build.0 = Release|Any CPU
		{A05460D2-A613-4950-9903-69EEAFD29E43}.Debug|Any CPU.ActiveCfg = Debug|Any CPU
		{A05460D2-A613-4950-9903-69EEAFD29E43}.Debug|Any CPU.Build.0 = Debug|Any CPU
		{A05460D2-A613-4950-9903-69EEAFD29E43}.Debug|x64.ActiveCfg = Debug|Any CPU
		{A05460D2-A613-4950-9903-69EEAFD29E43}.Debug|x64.Build.0 = Debug|Any CPU
		{A05460D2-A613-4950-9903-69EEAFD29E43}.Debug|x86.ActiveCfg = Debug|Any CPU
		{A05460D2-A613-4950-9903-69EEAFD29E43}.Debug|x86.Build.0 = Debug|Any CPU
		{A05460D2-A613-4950-9903-69EEAFD29E43}.Release|Any CPU.ActiveCfg = Release|Any CPU
		{A05460D2-A613-4950-9903-69EEAFD29E43}.Release|Any CPU.Build.0 = Release|Any CPU
		{A05460D2-A613-4950-9903-69EEAFD29E43}.Release|x64.ActiveCfg = Release|Any CPU
		{A05460D2-A613-4950-9903-69EEAFD29E43}.Release|x64.Build.0 = Release|Any CPU
		{A05460D2-A613-4950-9903-69EEAFD29E43}.Release|x86.ActiveCfg = Release|Any CPU
		{A05460D2-A613-4950-9903-69EEAFD29E43}.Release|x86.Build.0 = Release|Any CPU
		{96C92CB1-03A9-4752-AF08-9D9809DE79F4}.Debug|Any CPU.ActiveCfg = Debug|Any CPU
		{96C92CB1-03A9-4752-AF08-9D9809DE79F4}.Debug|Any CPU.Build.0 = Debug|Any CPU
		{96C92CB1-03A9-4752-AF08-9D9809DE79F4}.Debug|x64.ActiveCfg = Debug|Any CPU
		{96C92CB1-03A9-4752-AF08-9D9809DE79F4}.Debug|x64.Build.0 = Debug|Any CPU
		{96C92CB1-03A9-4752-AF08-9D9809DE79F4}.Debug|x86.ActiveCfg = Debug|Any CPU
		{96C92CB1-03A9-4752-AF08-9D9809DE79F4}.Debug|x86.Build.0 = Debug|Any CPU
		{96C92CB1-03A9-4752-AF08-9D9809DE79F4}.Release|Any CPU.ActiveCfg = Release|Any CPU
		{96C92CB1-03A9-4752-AF08-9D9809DE79F4}.Release|Any CPU.Build.0 = Release|Any CPU
		{96C92CB1-03A9-4752-AF08-9D9809DE79F4}.Release|x64.ActiveCfg = Release|Any CPU
		{96C92CB1-03A9-4752-AF08-9D9809DE79F4}.Release|x64.Build.0 = Release|Any CPU
		{96C92CB1-03A9-4752-AF08-9D9809DE79F4}.Release|x86.ActiveCfg = Release|Any CPU
		{96C92CB1-03A9-4752-AF08-9D9809DE79F4}.Release|x86.Build.0 = Release|Any CPU
	EndGlobalSection
	GlobalSection(SolutionProperties) = preSolution
		HideSolutionNode = FALSE
	EndGlobalSection
	GlobalSection(NestedProjects) = preSolution
		{2464FC73-75E8-4254-A900-2090FB4D1EDD} = {E011E3DC-8374-44FC-8D60-4935E854BCBB}
		{D1D88DD3-D388-4E26-8B57-C53745418139} = {E011E3DC-8374-44FC-8D60-4935E854BCBB}
		{8F71221C-EF74-4ACC-BBA6-142EB9E44434} = {E011E3DC-8374-44FC-8D60-4935E854BCBB}
		{02D9090E-7DCB-42A3-85E5-A9F9BFFDFC3D} = {E011E3DC-8374-44FC-8D60-4935E854BCBB}
		{9E3D5733-B900-405E-BF35-B4AF05CE5142} = {E011E3DC-8374-44FC-8D60-4935E854BCBB}
		{4FB69019-D06C-4A99-892E-CA04E65DB908} = {E011E3DC-8374-44FC-8D60-4935E854BCBB}
		{CD67CAA7-8DFA-4D79-A968-D6DA78D3D2A6} = {66A7D55F-6A98-FA67-734C-BBBA7A8495CB}
		{936BC941-DCF0-43F8-9C94-B119800DB7A2} = {66A7D55F-6A98-FA67-734C-BBBA7A8495CB}
		{7E803556-1972-4E6F-ADBF-7FBC798601B0} = {66A7D55F-6A98-FA67-734C-BBBA7A8495CB}
		{F9BC7C87-BAC7-455B-9987-A463D2BB9A06} = {66A7D55F-6A98-FA67-734C-BBBA7A8495CB}
		{737C5987-73E9-49A4-9EBF-638C8B0F64BB} = {66A7D55F-6A98-FA67-734C-BBBA7A8495CB}
		{A05460D2-A613-4950-9903-69EEAFD29E43} = {66A7D55F-6A98-FA67-734C-BBBA7A8495CB}
		{96C92CB1-03A9-4752-AF08-9D9809DE79F4} = {66A7D55F-6A98-FA67-734C-BBBA7A8495CB}
	EndGlobalSection
EndGlobal
